
Microsoft Visual Studio Solution File, Format Version 12.00
# Visual Studio 15
VisualStudioVersion = 15.0.27004.2010
MinimumVisualStudioVersion = 10.0.40219.1
Project("{F184B08F-C81C-45F6-A57F-5ABD9991F28F}") = "QR", "QR\QR.vbproj", "{FFCE35A7-F6E6-4D2B-B4B0-335993120D22}"
EndProject
Global
	GlobalSection(SolutionConfigurationPlatforms) = preSolution
		Debug|Any CPU = Debug|Any CPU
		Debug|x86 = Debug|x86
		Release|Any CPU = Release|Any CPU
		Release|x86 = Release|x86
	EndGlobalSection
	GlobalSection(ProjectConfigurationPlatforms) = postSolution
		{FFCE35A7-F6E6-4D2B-B4B0-335993120D22}.Debug|Any CPU.ActiveCfg = Debug|Any CPU
		{FFCE35A7-F6E6-4D2B-B4B0-335993120D22}.Debug|Any CPU.Build.0 = Debug|Any CPU
		{FFCE35A7-F6E6-4D2B-B4B0-335993120D22}.Debug|x86.ActiveCfg = Debug|x86
		{FFCE35A7-F6E6-4D2B-B4B0-335993120D22}.Debug|x86.Build.0 = Debug|x86
		{FFCE35A7-F6E6-4D2B-B4B0-335993120D22}.Release|Any CPU.ActiveCfg = Release|Any CPU
		{FFCE35A7-F6E6-4D2B-B4B0-335993120D22}.Release|Any CPU.Build.0 = Release|Any CPU
		{FFCE35A7-F6E6-4D2B-B4B0-335993120D22}.Release|x86.ActiveCfg = Release|x86
		{FFCE35A7-F6E6-4D2B-B4B0-335993120D22}.Release|x86.Build.0 = Release|x86
	EndGlobalSection
	GlobalSection(SolutionProperties) = preSolution
		HideSolutionNode = FALSE
	EndGlobalSection
	GlobalSection(ExtensibilityGlobals) = postSolution
		SolutionGuid = {440D7DC1-9906-41D5-8945-05C4023F9B23}
	EndGlobalSection
EndGlobal
